
Microsoft Visual Studio Solution File, Format Version 12.00
# Visual Studio 15
VisualStudioVersion = 15.0.26124.0
MinimumVisualStudioVersion = 15.0.26124.0
Project("{2150E333-8FDC-42A3-9474-1A3956D46DE8}") = "src", "src", "{24D0E75C-007A-401D-B86C-0E595E9F1C2E}"
EndProject
Project("{FAE04EC0-301F-11D3-BF4B-00C04F79EFBC}") = "DemoAPI", "src\DemoAPI\DemoAPI.csproj", "{95A92CD3-DDBF-463C-BE04-F67663A8A007}"
EndProject
Project("{2150E333-8FDC-42A3-9474-1A3956D46DE8}") = "test", "test", "{3893316C-2244-4D49-AE2E-12C53F520020}"
EndProject
Project("{FAE04EC0-301F-11D3-BF4B-00C04F79EFBC}") = "DemoAPI.Test", "test\DemoAPI.Test\DemoAPI.Test.csproj", "{5C0344F4-770C-4CCF-AEE8-471E968D55ED}"
EndProject
Global
	GlobalSection(SolutionConfigurationPlatforms) = preSolution
		Debug|Any CPU = Debug|Any CPU
		Debug|x64 = Debug|x64
		Debug|x86 = Debug|x86
		Release|Any CPU = Release|Any CPU
		Release|x64 = Release|x64
		Release|x86 = Release|x86
	EndGlobalSection
	GlobalSection(SolutionProperties) = preSolution
		HideSolutionNode = FALSE
	EndGlobalSection
	GlobalSection(ProjectConfigurationPlatforms) = postSolution
		{95A92CD3-DDBF-463C-BE04-F67663A8A007}.Debug|Any CPU.ActiveCfg = Debug|Any CPU
		{95A92CD3-DDBF-463C-BE04-F67663A8A007}.Debug|Any CPU.Build.0 = Debug|Any CPU
		{95A92CD3-DDBF-463C-BE04-F67663A8A007}.Debug|x64.ActiveCfg = Debug|Any CPU
		{95A92CD3-DDBF-463C-BE04-F67663A8A007}.Debug|x64.Build.0 = Debug|Any CPU
		{95A92CD3-DDBF-463C-BE04-F67663A8A007}.Debug|x86.ActiveCfg = Debug|Any CPU
		{95A92CD3-DDBF-463C-BE04-F67663A8A007}.Debug|x86.Build.0 = Debug|Any CPU
		{95A92CD3-DDBF-463C-BE04-F67663A8A007}.Release|Any CPU.ActiveCfg = Release|Any CPU
		{95A92CD3-DDBF-463C-BE04-F67663A8A007}.Release|Any CPU.Build.0 = Release|Any CPU
		{95A92CD3-DDBF-463C-BE04-F67663A8A007}.Release|x64.ActiveCfg = Release|Any CPU
		{95A92CD3-DDBF-463C-BE04-F67663A8A007}.Release|x64.Build.0 = Release|Any CPU
		{95A92CD3-DDBF-463C-BE04-F67663A8A007}.Release|x86.ActiveCfg = Release|Any CPU
		{95A92CD3-DDBF-463C-BE04-F67663A8A007}.Release|x86.Build.0 = Release|Any CPU
		{5C0344F4-770C-4CCF-AEE8-471E968D55ED}.Debug|Any CPU.ActiveCfg = Debug|Any CPU
		{5C0344F4-770C-4CCF-AEE8-471E968D55ED}.Debug|Any CPU.Build.0 = Debug|Any CPU
		{5C0344F4-770C-4CCF-AEE8-471E968D55ED}.Debug|x64.ActiveCfg = Debug|Any CPU
		{5C0344F4-770C-4CCF-AEE8-471E968D55ED}.Debug|x64.Build.0 = Debug|Any CPU
		{5C0344F4-770C-4CCF-AEE8-471E968D55ED}.Debug|x86.ActiveCfg = Debug|Any CPU
		{5C0344F4-770C-4CCF-AEE8-471E968D55ED}.Debug|x86.Build.0 = Debug|Any CPU
		{5C0344F4-770C-4CCF-AEE8-471E968D55ED}.Release|Any CPU.ActiveCfg = Release|Any CPU
		{5C0344F4-770C-4CCF-AEE8-471E968D55ED}.Release|Any CPU.Build.0 = Release|Any CPU
		{5C0344F4-770C-4CCF-AEE8-471E968D55ED}.Release|x64.ActiveCfg = Release|Any CPU
		{5C0344F4-770C-4CCF-AEE8-471E968D55ED}.Release|x64.Build.0 = Release|Any CPU
		{5C0344F4-770C-4CCF-AEE8-471E968D55ED}.Release|x86.ActiveCfg = Release|Any CPU
		{5C0344F4-770C-4CCF-AEE8-471E968D55ED}.Release|x86.Build.0 = Release|Any CPU
	EndGlobalSection
	GlobalSection(NestedProjects) = preSolution
		{95A92CD3-DDBF-463C-BE04-F67663A8A007} = {24D0E75C-007A-401D-B86C-0E595E9F1C2E}
		{5C0344F4-770C-4CCF-AEE8-471E968D55ED} = {3893316C-2244-4D49-AE2E-12C53F520020}
	EndGlobalSection
EndGlobal
